
Microsoft Visual Studio Solution File, Format Version 12.00
# Visual Studio Version 17
VisualStudioVersion = 17.5.002.0
MinimumVisualStudioVersion = 10.0.40219.1
Project("{9A19103F-16F7-4668-BE54-9A1E7A4F7556}") = "B8", "B8.csproj", "{F6260CEA-64C3-4B02-8647-E40364EC6CEB}"
EndProject
Global
	GlobalSection(SolutionConfigurationPlatforms) = preSolution
		Debug|Any CPU = Debug|Any CPU
		Release|Any CPU = Release|Any CPU
	EndGlobalSection
	GlobalSection(ProjectConfigurationPlatforms) = postSolution
		{F6260CEA-64C3-4B02-8647-E40364EC6CEB}.Debug|Any CPU.ActiveCfg = Debug|Any CPU
		{F6260CEA-64C3-4B02-8647-E40364EC6CEB}.Debug|Any CPU.Build.0 = Debug|Any CPU
		{F6260CEA-64C3-4B02-8647-E40364EC6CEB}.Release|Any CPU.ActiveCfg = Release|Any CPU
		{F6260CEA-64C3-4B02-8647-E40364EC6CEB}.Release|Any CPU.Build.0 = Release|Any CPU
	EndGlobalSection
	GlobalSection(SolutionProperties) = preSolution
		HideSolutionNode = FALSE
	EndGlobalSection
	GlobalSection(ExtensibilityGlobals) = postSolution
		SolutionGuid = {FD5B7C31-570F-4D79-A67D-14769DC3CB2D}
	EndGlobalSection
EndGlobal
